// !$*UTF8*$!
{
	archiveVersion = 1;
	classes = {
	};
	objectVersion = 55;
	objects = {

/* Begin PBXBuildFile section */
		8C1FF95728D7821C009311EF /* en.xcloc in Resources */ = {isa = PBXBuildFile; fileRef = 8C1FF95528D7821C009311EF /* en.xcloc */; };
		8C1FF95828D7821C009311EF /* es.xcloc in Resources */ = {isa = PBXBuildFile; fileRef = 8C1FF95628D7821C009311EF /* es.xcloc */; };
		8C1FF95B28D78548009311EF /* Localizable.strings in Resources */ = {isa = PBXBuildFile; fileRef = 8C1FF95D28D78548009311EF /* Localizable.strings */; };
		8C1FF96228D7CE46009311EF /* LanguageSettingsView.swift in Sources */ = {isa = PBXBuildFile; fileRef = 8C1FF96128D7CE46009311EF /* LanguageSettingsView.swift */; };
		8C1FF96828D7CFA2009311EF /* LocalPersistance.swift in Sources */ = {isa = PBXBuildFile; fileRef = 8C1FF96728D7CFA2009311EF /* LocalPersistance.swift */; };
		8C1FF96D28D7DDED009311EF /* String+Localization.swift in Sources */ = {isa = PBXBuildFile; fileRef = 8C1FF96C28D7DDED009311EF /* String+Localization.swift */; };
		8C20C42828D91226005B3073 /* Comic.swift in Sources */ = {isa = PBXBuildFile; fileRef = 8C20C42728D91226005B3073 /* Comic.swift */; };
		8C20C42A28D91DAE005B3073 /* String+path.swift in Sources */ = {isa = PBXBuildFile; fileRef = 8C20C42928D91DAE005B3073 /* String+path.swift */; };
		8C20C42D28D92A1A005B3073 /* HeroesListViewTests.swift in Sources */ = {isa = PBXBuildFile; fileRef = 8C20C42C28D92A1A005B3073 /* HeroesListViewTests.swift */; };
		8C20C43528D94273005B3073 /* MarveliOSUITests.swift in Sources */ = {isa = PBXBuildFile; fileRef = 8C20C43428D94273005B3073 /* MarveliOSUITests.swift */; };
		8C20C43728D94273005B3073 /* MarveliOSUITestsLaunchTests.swift in Sources */ = {isa = PBXBuildFile; fileRef = 8C20C43628D94273005B3073 /* MarveliOSUITestsLaunchTests.swift */; };
		8C20C43F28D94452005B3073 /* HeroTests.swift in Sources */ = {isa = PBXBuildFile; fileRef = 8C20C43E28D94452005B3073 /* HeroTests.swift */; };
		8C20C44228D94A65005B3073 /* Constants.swift in Sources */ = {isa = PBXBuildFile; fileRef = 8C20C44128D94A65005B3073 /* Constants.swift */; };
		8C20C44528D9C037005B3073 /* Strings+LocalizationsTests.swift in Sources */ = {isa = PBXBuildFile; fileRef = 8C20C44428D9C037005B3073 /* Strings+LocalizationsTests.swift */; };
		8C44206628CE021D0089B560 /* HeroesViewModelError.swift in Sources */ = {isa = PBXBuildFile; fileRef = 8C44202D28CE021D0089B560 /* HeroesViewModelError.swift */; };
		8C44206728CE021D0089B560 /* HeroesViewModel.swift in Sources */ = {isa = PBXBuildFile; fileRef = 8C44202E28CE021D0089B560 /* HeroesViewModel.swift */; };
		8C44206828CE021D0089B560 /* HeroesListView.swift in Sources */ = {isa = PBXBuildFile; fileRef = 8C44203028CE021D0089B560 /* HeroesListView.swift */; };
		8C44206928CE021D0089B560 /* HeroRow.swift in Sources */ = {isa = PBXBuildFile; fileRef = 8C44203128CE021D0089B560 /* HeroRow.swift */; };
		8C44206A28CE021D0089B560 /* BaseViewModel.swift in Sources */ = {isa = PBXBuildFile; fileRef = 8C44203228CE021D0089B560 /* BaseViewModel.swift */; };
		8C44206D28CE021D0089B560 /* DetailViewModelError.swift in Sources */ = {isa = PBXBuildFile; fileRef = 8C44203928CE021D0089B560 /* DetailViewModelError.swift */; };
		8C44206E28CE021D0089B560 /* DetailViewModel.swift in Sources */ = {isa = PBXBuildFile; fileRef = 8C44203A28CE021D0089B560 /* DetailViewModel.swift */; };
		8C44206F28CE021D0089B560 /* DetailView.swift in Sources */ = {isa = PBXBuildFile; fileRef = 8C44203C28CE021D0089B560 /* DetailView.swift */; };
		8C44207028CE021D0089B560 /* ErrorHandling.swift in Sources */ = {isa = PBXBuildFile; fileRef = 8C44203F28CE021D0089B560 /* ErrorHandling.swift */; };
		8C44207228CE021D0089B560 /* MD5.swift in Sources */ = {isa = PBXBuildFile; fileRef = 8C44204128CE021D0089B560 /* MD5.swift */; };
		8C44207328CE021D0089B560 /* JSONFile.swift in Sources */ = {isa = PBXBuildFile; fileRef = 8C44204328CE021D0089B560 /* JSONFile.swift */; };
		8C44207428CE021D0089B560 /* response.json in Resources */ = {isa = PBXBuildFile; fileRef = 8C44204428CE021D0089B560 /* response.json */; };
		8C44207528CE021D0089B560 /* DependencyInjector.swift in Sources */ = {isa = PBXBuildFile; fileRef = 8C44204528CE021D0089B560 /* DependencyInjector.swift */; };
		8C44207628CE021D0089B560 /* Toolbar.swift in Sources */ = {isa = PBXBuildFile; fileRef = 8C44204728CE021D0089B560 /* Toolbar.swift */; };
		8C44207728CE021D0089B560 /* LoaderModifier.swift in Sources */ = {isa = PBXBuildFile; fileRef = 8C44204828CE021D0089B560 /* LoaderModifier.swift */; };
		8C44207828CE021D0089B560 /* ThemeSwitcher.swift in Sources */ = {isa = PBXBuildFile; fileRef = 8C44204928CE021D0089B560 /* ThemeSwitcher.swift */; };
		8C44207928CE021D0089B560 /* ComicResponse.swift in Sources */ = {isa = PBXBuildFile; fileRef = 8C44204C28CE021D0089B560 /* ComicResponse.swift */; };
		8C44207A28CE021D0089B560 /* HeroResponse.swift in Sources */ = {isa = PBXBuildFile; fileRef = 8C44204D28CE021D0089B560 /* HeroResponse.swift */; };
		8C44207C28CE021D0089B560 /* Event.swift in Sources */ = {isa = PBXBuildFile; fileRef = 8C44205028CE021D0089B560 /* Event.swift */; };
		8C44207D28CE021D0089B560 /* Hero.swift in Sources */ = {isa = PBXBuildFile; fileRef = 8C44205128CE021D0089B560 /* Hero.swift */; };
		8C44208028CE021D0089B560 /* ComicHero.swift in Sources */ = {isa = PBXBuildFile; fileRef = 8C44205528CE021D0089B560 /* ComicHero.swift */; };
		8C44208228CE021D0089B560 /* Serie.swift in Sources */ = {isa = PBXBuildFile; fileRef = 8C44205728CE021D0089B560 /* Serie.swift */; };
		8C44208428CE021D0089B560 /* ComicRepository.swift in Sources */ = {isa = PBXBuildFile; fileRef = 8C44205B28CE021D0089B560 /* ComicRepository.swift */; };
		8C44208528CE021D0089B560 /* Repository.swift in Sources */ = {isa = PBXBuildFile; fileRef = 8C44205C28CE021D0089B560 /* Repository.swift */; };
		8C44208628CE021D0089B560 /* HeroesRepository.swift in Sources */ = {isa = PBXBuildFile; fileRef = 8C44205D28CE021D0089B560 /* HeroesRepository.swift */; };
		8C44208728CE021D0089B560 /* ComicService.swift in Sources */ = {isa = PBXBuildFile; fileRef = 8C44205F28CE021D0089B560 /* ComicService.swift */; };
		8C44208828CE021D0089B560 /* HeroService.swift in Sources */ = {isa = PBXBuildFile; fileRef = 8C44206028CE021D0089B560 /* HeroService.swift */; };
		8C44208928CE021D0089B560 /* ServiceLayer.swift in Sources */ = {isa = PBXBuildFile; fileRef = 8C44206228CE021D0089B560 /* ServiceLayer.swift */; };
		8C44208A28CE021D0089B560 /* Router.swift in Sources */ = {isa = PBXBuildFile; fileRef = 8C44206328CE021D0089B560 /* Router.swift */; };
		8C44208B28CE021D0089B560 /* ApiError.swift in Sources */ = {isa = PBXBuildFile; fileRef = 8C44206528CE021D0089B560 /* ApiError.swift */; };
		8C44208F28CF2D610089B560 /* HeroServiceTests.swift in Sources */ = {isa = PBXBuildFile; fileRef = 8C44208E28CF2D610089B560 /* HeroServiceTests.swift */; };
		8C44209228CF2D9C0089B560 /* OHHTTPStubsSwift in Frameworks */ = {isa = PBXBuildFile; productRef = 8C44209128CF2D9C0089B560 /* OHHTTPStubsSwift */; };
		8C64B57A28CF5E2300676E6C /* HeroRepositoryTests.swift in Sources */ = {isa = PBXBuildFile; fileRef = 8C64B57928CF5E2300676E6C /* HeroRepositoryTests.swift */; };
		8C64B58128CF662400676E6C /* SettingsView.swift in Sources */ = {isa = PBXBuildFile; fileRef = 8C64B58028CF662400676E6C /* SettingsView.swift */; };
		8C64B58328CF802200676E6C /* Settings.swift in Sources */ = {isa = PBXBuildFile; fileRef = 8C64B58228CF802200676E6C /* Settings.swift */; };
		8C64B58628CF807600676E6C /* Option.swift in Sources */ = {isa = PBXBuildFile; fileRef = 8C64B58528CF807600676E6C /* Option.swift */; };
		8CCA99B328CDFE0B0080E734 /* MarveliOSApp.swift in Sources */ = {isa = PBXBuildFile; fileRef = 8CCA99B228CDFE0B0080E734 /* MarveliOSApp.swift */; };
		8CCA99B728CDFE0D0080E734 /* Assets.xcassets in Resources */ = {isa = PBXBuildFile; fileRef = 8CCA99B628CDFE0D0080E734 /* Assets.xcassets */; };
		8CCA99BA28CDFE0D0080E734 /* Preview Assets.xcassets in Resources */ = {isa = PBXBuildFile; fileRef = 8CCA99B928CDFE0D0080E734 /* Preview Assets.xcassets */; };
		8CCA99E728CDFEF10080E734 /* OHHTTPStubs in Frameworks */ = {isa = PBXBuildFile; productRef = 8CCA99E628CDFEF10080E734 /* OHHTTPStubs */; };
		8CCA99EA28CDFFBA0080E734 /* BackedCodable in Frameworks */ = {isa = PBXBuildFile; productRef = 8CCA99E928CDFFBA0080E734 /* BackedCodable */; };
		8CCA99ED28CDFFD40080E734 /* CachedAsyncImage in Frameworks */ = {isa = PBXBuildFile; productRef = 8CCA99EC28CDFFD40080E734 /* CachedAsyncImage */; };
/* End PBXBuildFile section */

/* Begin PBXContainerItemProxy section */
		8C20C43828D94273005B3073 /* PBXContainerItemProxy */ = {
			isa = PBXContainerItemProxy;
			containerPortal = 8CCA99A728CDFE0B0080E734 /* Project object */;
			proxyType = 1;
			remoteGlobalIDString = 8CCA99AE28CDFE0B0080E734;
			remoteInfo = MarveliOS;
		};
		8CCA99C028CDFE0D0080E734 /* PBXContainerItemProxy */ = {
			isa = PBXContainerItemProxy;
			containerPortal = 8CCA99A728CDFE0B0080E734 /* Project object */;
			proxyType = 1;
			remoteGlobalIDString = 8CCA99AE28CDFE0B0080E734;
			remoteInfo = MarveliOS;
		};
/* End PBXContainerItemProxy section */

/* Begin PBXFileReference section */
		8C1FF95528D7821C009311EF /* en.xcloc */ = {isa = PBXFileReference; lastKnownFileType = wrapper; name = en.xcloc; path = "MarveliOS Localizations/en.xcloc"; sourceTree = "<group>"; };
		8C1FF95628D7821C009311EF /* es.xcloc */ = {isa = PBXFileReference; lastKnownFileType = wrapper; name = es.xcloc; path = "MarveliOS Localizations/es.xcloc"; sourceTree = "<group>"; };
		8C1FF95C28D78548009311EF /* en */ = {isa = PBXFileReference; lastKnownFileType = text.plist.strings; name = en; path = en.lproj/Localizable.strings; sourceTree = "<group>"; };
		8C1FF95E28D78549009311EF /* es */ = {isa = PBXFileReference; lastKnownFileType = text.plist.strings; name = es; path = es.lproj/Localizable.strings; sourceTree = "<group>"; };
		8C1FF96128D7CE46009311EF /* LanguageSettingsView.swift */ = {isa = PBXFileReference; lastKnownFileType = sourcecode.swift; path = LanguageSettingsView.swift; sourceTree = "<group>"; };
		8C1FF96728D7CFA2009311EF /* LocalPersistance.swift */ = {isa = PBXFileReference; lastKnownFileType = sourcecode.swift; path = LocalPersistance.swift; sourceTree = "<group>"; };
		8C1FF96C28D7DDED009311EF /* String+Localization.swift */ = {isa = PBXFileReference; lastKnownFileType = sourcecode.swift; path = "String+Localization.swift"; sourceTree = "<group>"; };
		8C20C42728D91226005B3073 /* Comic.swift */ = {isa = PBXFileReference; lastKnownFileType = sourcecode.swift; path = Comic.swift; sourceTree = "<group>"; };
		8C20C42928D91DAE005B3073 /* String+path.swift */ = {isa = PBXFileReference; lastKnownFileType = sourcecode.swift; path = "String+path.swift"; sourceTree = "<group>"; };
		8C20C42C28D92A1A005B3073 /* HeroesListViewTests.swift */ = {isa = PBXFileReference; lastKnownFileType = sourcecode.swift; path = HeroesListViewTests.swift; sourceTree = "<group>"; };
		8C20C43228D94273005B3073 /* MarveliOSUITests.xctest */ = {isa = PBXFileReference; explicitFileType = wrapper.cfbundle; includeInIndex = 0; path = MarveliOSUITests.xctest; sourceTree = BUILT_PRODUCTS_DIR; };
		8C20C43428D94273005B3073 /* MarveliOSUITests.swift */ = {isa = PBXFileReference; lastKnownFileType = sourcecode.swift; path = MarveliOSUITests.swift; sourceTree = "<group>"; };
		8C20C43628D94273005B3073 /* MarveliOSUITestsLaunchTests.swift */ = {isa = PBXFileReference; lastKnownFileType = sourcecode.swift; path = MarveliOSUITestsLaunchTests.swift; sourceTree = "<group>"; };
		8C20C43E28D94452005B3073 /* HeroTests.swift */ = {isa = PBXFileReference; lastKnownFileType = sourcecode.swift; path = HeroTests.swift; sourceTree = "<group>"; };
		8C20C44128D94A65005B3073 /* Constants.swift */ = {isa = PBXFileReference; lastKnownFileType = sourcecode.swift; path = Constants.swift; sourceTree = "<group>"; };
		8C20C44428D9C037005B3073 /* Strings+LocalizationsTests.swift */ = {isa = PBXFileReference; lastKnownFileType = sourcecode.swift; path = "Strings+LocalizationsTests.swift"; sourceTree = "<group>"; };
		8C44202D28CE021D0089B560 /* HeroesViewModelError.swift */ = {isa = PBXFileReference; fileEncoding = 4; lastKnownFileType = sourcecode.swift; path = HeroesViewModelError.swift; sourceTree = "<group>"; };
		8C44202E28CE021D0089B560 /* HeroesViewModel.swift */ = {isa = PBXFileReference; fileEncoding = 4; lastKnownFileType = sourcecode.swift; path = HeroesViewModel.swift; sourceTree = "<group>"; };
		8C44203028CE021D0089B560 /* HeroesListView.swift */ = {isa = PBXFileReference; fileEncoding = 4; lastKnownFileType = sourcecode.swift; path = HeroesListView.swift; sourceTree = "<group>"; };
		8C44203128CE021D0089B560 /* HeroRow.swift */ = {isa = PBXFileReference; fileEncoding = 4; lastKnownFileType = sourcecode.swift; path = HeroRow.swift; sourceTree = "<group>"; };
		8C44203228CE021D0089B560 /* BaseViewModel.swift */ = {isa = PBXFileReference; fileEncoding = 4; lastKnownFileType = sourcecode.swift; path = BaseViewModel.swift; sourceTree = "<group>"; };
		8C44203928CE021D0089B560 /* DetailViewModelError.swift */ = {isa = PBXFileReference; fileEncoding = 4; lastKnownFileType = sourcecode.swift; path = DetailViewModelError.swift; sourceTree = "<group>"; };
		8C44203A28CE021D0089B560 /* DetailViewModel.swift */ = {isa = PBXFileReference; fileEncoding = 4; lastKnownFileType = sourcecode.swift; path = DetailViewModel.swift; sourceTree = "<group>"; };
		8C44203C28CE021D0089B560 /* DetailView.swift */ = {isa = PBXFileReference; fileEncoding = 4; lastKnownFileType = sourcecode.swift; path = DetailView.swift; sourceTree = "<group>"; };
		8C44203F28CE021D0089B560 /* ErrorHandling.swift */ = {isa = PBXFileReference; fileEncoding = 4; lastKnownFileType = sourcecode.swift; path = ErrorHandling.swift; sourceTree = "<group>"; };
		8C44204128CE021D0089B560 /* MD5.swift */ = {isa = PBXFileReference; fileEncoding = 4; lastKnownFileType = sourcecode.swift; path = MD5.swift; sourceTree = "<group>"; };
		8C44204328CE021D0089B560 /* JSONFile.swift */ = {isa = PBXFileReference; fileEncoding = 4; lastKnownFileType = sourcecode.swift; path = JSONFile.swift; sourceTree = "<group>"; };
		8C44204428CE021D0089B560 /* response.json */ = {isa = PBXFileReference; fileEncoding = 4; lastKnownFileType = text.json; path = response.json; sourceTree = "<group>"; };
		8C44204528CE021D0089B560 /* DependencyInjector.swift */ = {isa = PBXFileReference; fileEncoding = 4; lastKnownFileType = sourcecode.swift; path = DependencyInjector.swift; sourceTree = "<group>"; };
		8C44204728CE021D0089B560 /* Toolbar.swift */ = {isa = PBXFileReference; fileEncoding = 4; lastKnownFileType = sourcecode.swift; path = Toolbar.swift; sourceTree = "<group>"; };
		8C44204828CE021D0089B560 /* LoaderModifier.swift */ = {isa = PBXFileReference; fileEncoding = 4; lastKnownFileType = sourcecode.swift; path = LoaderModifier.swift; sourceTree = "<group>"; };
		8C44204928CE021D0089B560 /* ThemeSwitcher.swift */ = {isa = PBXFileReference; fileEncoding = 4; lastKnownFileType = sourcecode.swift; path = ThemeSwitcher.swift; sourceTree = "<group>"; };
		8C44204C28CE021D0089B560 /* ComicResponse.swift */ = {isa = PBXFileReference; fileEncoding = 4; lastKnownFileType = sourcecode.swift; path = ComicResponse.swift; sourceTree = "<group>"; };
		8C44204D28CE021D0089B560 /* HeroResponse.swift */ = {isa = PBXFileReference; fileEncoding = 4; lastKnownFileType = sourcecode.swift; path = HeroResponse.swift; sourceTree = "<group>"; };
		8C44205028CE021D0089B560 /* Event.swift */ = {isa = PBXFileReference; fileEncoding = 4; lastKnownFileType = sourcecode.swift; path = Event.swift; sourceTree = "<group>"; };
		8C44205128CE021D0089B560 /* Hero.swift */ = {isa = PBXFileReference; fileEncoding = 4; lastKnownFileType = sourcecode.swift; path = Hero.swift; sourceTree = "<group>"; };
		8C44205528CE021D0089B560 /* ComicHero.swift */ = {isa = PBXFileReference; fileEncoding = 4; lastKnownFileType = sourcecode.swift; path = ComicHero.swift; sourceTree = "<group>"; };
		8C44205728CE021D0089B560 /* Serie.swift */ = {isa = PBXFileReference; fileEncoding = 4; lastKnownFileType = sourcecode.swift; path = Serie.swift; sourceTree = "<group>"; };
		8C44205B28CE021D0089B560 /* ComicRepository.swift */ = {isa = PBXFileReference; fileEncoding = 4; lastKnownFileType = sourcecode.swift; path = ComicRepository.swift; sourceTree = "<group>"; };
		8C44205C28CE021D0089B560 /* Repository.swift */ = {isa = PBXFileReference; fileEncoding = 4; lastKnownFileType = sourcecode.swift; path = Repository.swift; sourceTree = "<group>"; };
		8C44205D28CE021D0089B560 /* HeroesRepository.swift */ = {isa = PBXFileReference; fileEncoding = 4; lastKnownFileType = sourcecode.swift; path = HeroesRepository.swift; sourceTree = "<group>"; };
		8C44205F28CE021D0089B560 /* ComicService.swift */ = {isa = PBXFileReference; fileEncoding = 4; lastKnownFileType = sourcecode.swift; path = ComicService.swift; sourceTree = "<group>"; };
		8C44206028CE021D0089B560 /* HeroService.swift */ = {isa = PBXFileReference; fileEncoding = 4; lastKnownFileType = sourcecode.swift; path = HeroService.swift; sourceTree = "<group>"; };
		8C44206228CE021D0089B560 /* ServiceLayer.swift */ = {isa = PBXFileReference; fileEncoding = 4; lastKnownFileType = sourcecode.swift; path = ServiceLayer.swift; sourceTree = "<group>"; };
		8C44206328CE021D0089B560 /* Router.swift */ = {isa = PBXFileReference; fileEncoding = 4; lastKnownFileType = sourcecode.swift; path = Router.swift; sourceTree = "<group>"; };
		8C44206528CE021D0089B560 /* ApiError.swift */ = {isa = PBXFileReference; fileEncoding = 4; lastKnownFileType = sourcecode.swift; path = ApiError.swift; sourceTree = "<group>"; };
		8C44208C28CE06000089B560 /* Info.plist */ = {isa = PBXFileReference; lastKnownFileType = text.plist; path = Info.plist; sourceTree = "<group>"; };
		8C44208E28CF2D610089B560 /* HeroServiceTests.swift */ = {isa = PBXFileReference; lastKnownFileType = sourcecode.swift; path = HeroServiceTests.swift; sourceTree = "<group>"; };
		8C64B57928CF5E2300676E6C /* HeroRepositoryTests.swift */ = {isa = PBXFileReference; lastKnownFileType = sourcecode.swift; path = HeroRepositoryTests.swift; sourceTree = "<group>"; };
		8C64B58028CF662400676E6C /* SettingsView.swift */ = {isa = PBXFileReference; lastKnownFileType = sourcecode.swift; path = SettingsView.swift; sourceTree = "<group>"; };
		8C64B58228CF802200676E6C /* Settings.swift */ = {isa = PBXFileReference; lastKnownFileType = sourcecode.swift; path = Settings.swift; sourceTree = "<group>"; };
		8C64B58528CF807600676E6C /* Option.swift */ = {isa = PBXFileReference; lastKnownFileType = sourcecode.swift; path = Option.swift; sourceTree = "<group>"; };
		8CCA99AF28CDFE0B0080E734 /* MarveliOS.app */ = {isa = PBXFileReference; explicitFileType = wrapper.application; includeInIndex = 0; path = MarveliOS.app; sourceTree = BUILT_PRODUCTS_DIR; };
		8CCA99B228CDFE0B0080E734 /* MarveliOSApp.swift */ = {isa = PBXFileReference; lastKnownFileType = sourcecode.swift; path = MarveliOSApp.swift; sourceTree = "<group>"; };
		8CCA99B628CDFE0D0080E734 /* Assets.xcassets */ = {isa = PBXFileReference; lastKnownFileType = folder.assetcatalog; path = Assets.xcassets; sourceTree = "<group>"; };
		8CCA99B928CDFE0D0080E734 /* Preview Assets.xcassets */ = {isa = PBXFileReference; lastKnownFileType = folder.assetcatalog; path = "Preview Assets.xcassets"; sourceTree = "<group>"; };
		8CCA99BF28CDFE0D0080E734 /* MarveliOSTests.xctest */ = {isa = PBXFileReference; explicitFileType = wrapper.cfbundle; includeInIndex = 0; path = MarveliOSTests.xctest; sourceTree = BUILT_PRODUCTS_DIR; };
/* End PBXFileReference section */

/* Begin PBXFrameworksBuildPhase section */
		8C20C42F28D94273005B3073 /* Frameworks */ = {
			isa = PBXFrameworksBuildPhase;
			buildActionMask = 2147483647;
			files = (
			);
			runOnlyForDeploymentPostprocessing = 0;
		};
		8CCA99AC28CDFE0B0080E734 /* Frameworks */ = {
			isa = PBXFrameworksBuildPhase;
			buildActionMask = 2147483647;
			files = (
				8C44209228CF2D9C0089B560 /* OHHTTPStubsSwift in Frameworks */,
				8CCA99ED28CDFFD40080E734 /* CachedAsyncImage in Frameworks */,
				8CCA99EA28CDFFBA0080E734 /* BackedCodable in Frameworks */,
				8CCA99E728CDFEF10080E734 /* OHHTTPStubs in Frameworks */,
			);
			runOnlyForDeploymentPostprocessing = 0;
		};
		8CCA99BC28CDFE0D0080E734 /* Frameworks */ = {
			isa = PBXFrameworksBuildPhase;
			buildActionMask = 2147483647;
			files = (
			);
			runOnlyForDeploymentPostprocessing = 0;
		};
/* End PBXFrameworksBuildPhase section */

/* Begin PBXGroup section */
		8C1FF94128D77D72009311EF /* Localizations */ = {
			isa = PBXGroup;
			children = (
				8C1FF95528D7821C009311EF /* en.xcloc */,
				8C1FF95628D7821C009311EF /* es.xcloc */,
				8C1FF95D28D78548009311EF /* Localizable.strings */,
			);
			name = Localizations;
			path = MarveliOS/Localizations;
			sourceTree = "<group>";
		};
		8C1FF95F28D7CE26009311EF /* Settings */ = {
			isa = PBXGroup;
			children = (
				8C64B57D28CF65C000676E6C /* View */,
			);
			path = Settings;
			sourceTree = "<group>";
		};
		8C1FF96028D7CE33009311EF /* Language */ = {
			isa = PBXGroup;
			children = (
				8C1FF96328D7CE4D009311EF /* View */,
			);
			path = Language;
			sourceTree = "<group>";
		};
		8C1FF96328D7CE4D009311EF /* View */ = {
			isa = PBXGroup;
			children = (
				8C1FF96128D7CE46009311EF /* LanguageSettingsView.swift */,
			);
			path = View;
			sourceTree = "<group>";
		};
		8C1FF96628D7CF92009311EF /* Persistance */ = {
			isa = PBXGroup;
			children = (
				8C1FF96728D7CFA2009311EF /* LocalPersistance.swift */,
			);
			path = Persistance;
			sourceTree = "<group>";
		};
		8C1FF96928D7DD4A009311EF /* Localization */ = {
			isa = PBXGroup;
			children = (
			);
			path = Localization;
			sourceTree = "<group>";
		};
		8C20C42628D91215005B3073 /* Comic */ = {
			isa = PBXGroup;
			children = (
				8C20C42728D91226005B3073 /* Comic.swift */,
			);
			path = Comic;
			sourceTree = "<group>";
		};
		8C20C42B28D929E9005B3073 /* Snapshoot */ = {
			isa = PBXGroup;
			children = (
				8C20C42C28D92A1A005B3073 /* HeroesListViewTests.swift */,
			);
			path = Snapshoot;
			sourceTree = "<group>";
		};
		8C20C43328D94273005B3073 /* MarveliOSUITests */ = {
			isa = PBXGroup;
			children = (
				8C20C43428D94273005B3073 /* MarveliOSUITests.swift */,
				8C20C43628D94273005B3073 /* MarveliOSUITestsLaunchTests.swift */,
			);
			path = MarveliOSUITests;
			sourceTree = "<group>";
		};
		8C20C43D28D9443C005B3073 /* Model */ = {
			isa = PBXGroup;
			children = (
				8C20C43E28D94452005B3073 /* HeroTests.swift */,
			);
			path = Model;
			sourceTree = "<group>";
		};
		8C20C44028D94A52005B3073 /* Common */ = {
			isa = PBXGroup;
			children = (
				8C20C44128D94A65005B3073 /* Constants.swift */,
			);
			path = Common;
			sourceTree = "<group>";
		};
		8C20C44328D9C015005B3073 /* Extensions */ = {
			isa = PBXGroup;
			children = (
				8C20C44428D9C037005B3073 /* Strings+LocalizationsTests.swift */,
			);
			path = Extensions;
			sourceTree = "<group>";
		};
		8C20C44628D9DD25005B3073 /* Application */ = {
			isa = PBXGroup;
			children = (
				8C44203D28CE021D0089B560 /* Helpers */,
				8C44205828CE021D0089B560 /* Extensions */,
				8C64B57B28CF614300676E6C /* DI */,
				8C20C44028D94A52005B3073 /* Common */,
			);
			path = Application;
			sourceTree = "<group>";
		};
		8C20C44728D9DD49005B3073 /* Domain */ = {
			isa = PBXGroup;
			children = (
				8C44204A28CE021D0089B560 /* Entities */,
				8C20C44A28D9E177005B3073 /* Use Cases */,
				8C20C44B28D9E181005B3073 /* Interfaces */,
			);
			path = Domain;
			sourceTree = "<group>";
		};
		8C20C44828D9DD6B005B3073 /* Data */ = {
			isa = PBXGroup;
			children = (
				8C44205A28CE021D0089B560 /* Repository */,
				8C20C44928D9E13D005B3073 /* Network */,
			);
			path = Data;
			sourceTree = "<group>";
		};
		8C20C44928D9E13D005B3073 /* Network */ = {
			isa = PBXGroup;
			children = (
			);
			path = Network;
			sourceTree = "<group>";
		};
		8C20C44A28D9E177005B3073 /* Use Cases */ = {
			isa = PBXGroup;
			children = (
			);
			path = "Use Cases";
			sourceTree = "<group>";
		};
		8C20C44B28D9E181005B3073 /* Interfaces */ = {
			isa = PBXGroup;
			children = (
				8C20C44C28D9E18A005B3073 /* Repositories */,
			);
			path = Interfaces;
			sourceTree = "<group>";
		};
		8C20C44C28D9E18A005B3073 /* Repositories */ = {
			isa = PBXGroup;
			children = (
			);
			path = Repositories;
			sourceTree = "<group>";
		};
		8C20C44D28D9E1C6005B3073 /* Network */ = {
			isa = PBXGroup;
			children = (
				8C44206128CE021D0089B560 /* API */,
				8C44206428CE021D0089B560 /* Error */,
			);
			path = Network;
			sourceTree = "<group>";
		};
		8C20C44E28D9E1CC005B3073 /* Services */ = {
			isa = PBXGroup;
			children = (
				8C44205F28CE021D0089B560 /* ComicService.swift */,
				8C44206028CE021D0089B560 /* HeroService.swift */,
			);
			path = Services;
			sourceTree = "<group>";
		};
		8C44202A28CE021D0089B560 /* Presentation */ = {
			isa = PBXGroup;
			children = (
				8C64B57C28CF65B000676E6C /* Settings */,
				8C44202B28CE021D0089B560 /* HeroesList */,
				8C44203728CE021D0089B560 /* HeroeDetail */,
				8C44203228CE021D0089B560 /* BaseViewModel.swift */,
			);
			path = Presentation;
			sourceTree = "<group>";
		};
		8C44202B28CE021D0089B560 /* HeroesList */ = {
			isa = PBXGroup;
			children = (
				8C44202C28CE021D0089B560 /* ViewModel */,
				8C44202F28CE021D0089B560 /* View */,
			);
			path = HeroesList;
			sourceTree = "<group>";
		};
		8C44202C28CE021D0089B560 /* ViewModel */ = {
			isa = PBXGroup;
			children = (
				8C44202D28CE021D0089B560 /* HeroesViewModelError.swift */,
				8C44202E28CE021D0089B560 /* HeroesViewModel.swift */,
			);
			path = ViewModel;
			sourceTree = "<group>";
		};
		8C44202F28CE021D0089B560 /* View */ = {
			isa = PBXGroup;
			children = (
				8C44203028CE021D0089B560 /* HeroesListView.swift */,
				8C44203128CE021D0089B560 /* HeroRow.swift */,
			);
			path = View;
			sourceTree = "<group>";
		};
		8C44203728CE021D0089B560 /* HeroeDetail */ = {
			isa = PBXGroup;
			children = (
				8C44203828CE021D0089B560 /* ViewModel */,
				8C44203B28CE021D0089B560 /* View */,
			);
			path = HeroeDetail;
			sourceTree = "<group>";
		};
		8C44203828CE021D0089B560 /* ViewModel */ = {
			isa = PBXGroup;
			children = (
				8C44203928CE021D0089B560 /* DetailViewModelError.swift */,
				8C44203A28CE021D0089B560 /* DetailViewModel.swift */,
			);
			path = ViewModel;
			sourceTree = "<group>";
		};
		8C44203B28CE021D0089B560 /* View */ = {
			isa = PBXGroup;
			children = (
				8C44203C28CE021D0089B560 /* DetailView.swift */,
			);
			path = View;
			sourceTree = "<group>";
		};
		8C44203D28CE021D0089B560 /* Helpers */ = {
			isa = PBXGroup;
			children = (
				8C1FF96928D7DD4A009311EF /* Localization */,
				8C1FF96628D7CF92009311EF /* Persistance */,
				8C44203E28CE021D0089B560 /* ErrorHandling */,
				8C44204128CE021D0089B560 /* MD5.swift */,
				8C44204228CE021D0089B560 /* JSON */,
				8C44204628CE021D0089B560 /* ViewModifiers */,
			);
			path = Helpers;
			sourceTree = "<group>";
		};
		8C44203E28CE021D0089B560 /* ErrorHandling */ = {
			isa = PBXGroup;
			children = (
				8C44203F28CE021D0089B560 /* ErrorHandling.swift */,
			);
			path = ErrorHandling;
			sourceTree = "<group>";
		};
		8C44204228CE021D0089B560 /* JSON */ = {
			isa = PBXGroup;
			children = (
				8C44204328CE021D0089B560 /* JSONFile.swift */,
				8C44204428CE021D0089B560 /* response.json */,
			);
			path = JSON;
			sourceTree = "<group>";
		};
		8C44204628CE021D0089B560 /* ViewModifiers */ = {
			isa = PBXGroup;
			children = (
				8C44204728CE021D0089B560 /* Toolbar.swift */,
				8C44204828CE021D0089B560 /* LoaderModifier.swift */,
				8C44204928CE021D0089B560 /* ThemeSwitcher.swift */,
			);
			path = ViewModifiers;
			sourceTree = "<group>";
		};
		8C44204A28CE021D0089B560 /* Entities */ = {
			isa = PBXGroup;
			children = (
				8C20C42628D91215005B3073 /* Comic */,
				8C64B58428CF805F00676E6C /* Settings */,
				8C44204B28CE021D0089B560 /* Response */,
				8C44204F28CE021D0089B560 /* Hero */,
			);
			path = Entities;
			sourceTree = "<group>";
		};
		8C44204B28CE021D0089B560 /* Response */ = {
			isa = PBXGroup;
			children = (
				8C44204C28CE021D0089B560 /* ComicResponse.swift */,
				8C44204D28CE021D0089B560 /* HeroResponse.swift */,
			);
			path = Response;
			sourceTree = "<group>";
		};
		8C44204F28CE021D0089B560 /* Hero */ = {
			isa = PBXGroup;
			children = (
				8C44205528CE021D0089B560 /* ComicHero.swift */,
				8C44205028CE021D0089B560 /* Event.swift */,
				8C44205128CE021D0089B560 /* Hero.swift */,
				8C44205728CE021D0089B560 /* Serie.swift */,
			);
			path = Hero;
			sourceTree = "<group>";
		};
		8C44205828CE021D0089B560 /* Extensions */ = {
			isa = PBXGroup;
			children = (
				8C1FF96C28D7DDED009311EF /* String+Localization.swift */,
				8C20C42928D91DAE005B3073 /* String+path.swift */,
			);
			path = Extensions;
			sourceTree = "<group>";
		};
		8C44205A28CE021D0089B560 /* Repository */ = {
			isa = PBXGroup;
			children = (
				8C44205B28CE021D0089B560 /* ComicRepository.swift */,
				8C44205C28CE021D0089B560 /* Repository.swift */,
				8C44205D28CE021D0089B560 /* HeroesRepository.swift */,
			);
			path = Repository;
			sourceTree = "<group>";
		};
		8C44205E28CE021D0089B560 /* Infraestructure */ = {
			isa = PBXGroup;
			children = (
				8C20C44E28D9E1CC005B3073 /* Services */,
				8C20C44D28D9E1C6005B3073 /* Network */,
			);
			path = Infraestructure;
			sourceTree = "<group>";
		};
		8C44206128CE021D0089B560 /* API */ = {
			isa = PBXGroup;
			children = (
				8C44206228CE021D0089B560 /* ServiceLayer.swift */,
				8C44206328CE021D0089B560 /* Router.swift */,
			);
			path = API;
			sourceTree = "<group>";
		};
		8C44206428CE021D0089B560 /* Error */ = {
			isa = PBXGroup;
			children = (
				8C44206528CE021D0089B560 /* ApiError.swift */,
			);
			path = Error;
			sourceTree = "<group>";
		};
		8C44208D28CF2D3C0089B560 /* Service */ = {
			isa = PBXGroup;
			children = (
				8C44208E28CF2D610089B560 /* HeroServiceTests.swift */,
			);
			path = Service;
			sourceTree = "<group>";
		};
		8C64B57828CF5E0C00676E6C /* Repository */ = {
			isa = PBXGroup;
			children = (
				8C64B57928CF5E2300676E6C /* HeroRepositoryTests.swift */,
			);
			path = Repository;
			sourceTree = "<group>";
		};
		8C64B57B28CF614300676E6C /* DI */ = {
			isa = PBXGroup;
			children = (
				8C44204528CE021D0089B560 /* DependencyInjector.swift */,
			);
			path = DI;
			sourceTree = "<group>";
		};
		8C64B57C28CF65B000676E6C /* Settings */ = {
			isa = PBXGroup;
			children = (
				8C1FF96028D7CE33009311EF /* Language */,
				8C1FF95F28D7CE26009311EF /* Settings */,
			);
			path = Settings;
			sourceTree = "<group>";
		};
		8C64B57D28CF65C000676E6C /* View */ = {
			isa = PBXGroup;
			children = (
				8C64B58028CF662400676E6C /* SettingsView.swift */,
			);
			path = View;
			sourceTree = "<group>";
		};
		8C64B58428CF805F00676E6C /* Settings */ = {
			isa = PBXGroup;
			children = (
				8C64B58228CF802200676E6C /* Settings.swift */,
				8C64B58528CF807600676E6C /* Option.swift */,
			);
			path = Settings;
			sourceTree = "<group>";
		};
		8CCA99A628CDFE0B0080E734 = {
			isa = PBXGroup;
			children = (
				8C1FF94128D77D72009311EF /* Localizations */,
				8CCA99B128CDFE0B0080E734 /* MarveliOS */,
				8CCA99C228CDFE0D0080E734 /* MarveliOSTests */,
				8C20C43328D94273005B3073 /* MarveliOSUITests */,
				8CCA99B028CDFE0B0080E734 /* Products */,
			);
			sourceTree = "<group>";
		};
		8CCA99B028CDFE0B0080E734 /* Products */ = {
			isa = PBXGroup;
			children = (
				8CCA99AF28CDFE0B0080E734 /* MarveliOS.app */,
				8CCA99BF28CDFE0D0080E734 /* MarveliOSTests.xctest */,
				8C20C43228D94273005B3073 /* MarveliOSUITests.xctest */,
			);
			name = Products;
			sourceTree = "<group>";
		};
		8CCA99B128CDFE0B0080E734 /* MarveliOS */ = {
			isa = PBXGroup;
			children = (
				8C20C44628D9DD25005B3073 /* Application */,
				8C20C44728D9DD49005B3073 /* Domain */,
				8C44202A28CE021D0089B560 /* Presentation */,
				8C20C44828D9DD6B005B3073 /* Data */,
				8C44205E28CE021D0089B560 /* Infraestructure */,
				8CCA99B228CDFE0B0080E734 /* MarveliOSApp.swift */,
				8C44208C28CE06000089B560 /* Info.plist */,
				8CCA99B628CDFE0D0080E734 /* Assets.xcassets */,
				8CCA99B828CDFE0D0080E734 /* Preview Content */,
			);
			path = MarveliOS;
			sourceTree = "<group>";
		};
		8CCA99B828CDFE0D0080E734 /* Preview Content */ = {
			isa = PBXGroup;
			children = (
				8CCA99B928CDFE0D0080E734 /* Preview Assets.xcassets */,
			);
			path = "Preview Content";
			sourceTree = "<group>";
		};
		8CCA99C228CDFE0D0080E734 /* MarveliOSTests */ = {
			isa = PBXGroup;
			children = (
				8C20C44328D9C015005B3073 /* Extensions */,
				8C20C43D28D9443C005B3073 /* Model */,
				8C20C42B28D929E9005B3073 /* Snapshoot */,
				8C64B57828CF5E0C00676E6C /* Repository */,
				8C44208D28CF2D3C0089B560 /* Service */,
			);
			path = MarveliOSTests;
			sourceTree = "<group>";
		};
/* End PBXGroup section */

/* Begin PBXNativeTarget section */
		8C20C43128D94273005B3073 /* MarveliOSUITests */ = {
			isa = PBXNativeTarget;
			buildConfigurationList = 8C20C43A28D94273005B3073 /* Build configuration list for PBXNativeTarget "MarveliOSUITests" */;
			buildPhases = (
				8C20C42E28D94273005B3073 /* Sources */,
				8C20C42F28D94273005B3073 /* Frameworks */,
				8C20C43028D94273005B3073 /* Resources */,
			);
			buildRules = (
			);
			dependencies = (
				8C20C43928D94273005B3073 /* PBXTargetDependency */,
			);
			name = MarveliOSUITests;
			productName = MarveliOSUITests;
			productReference = 8C20C43228D94273005B3073 /* MarveliOSUITests.xctest */;
			productType = "com.apple.product-type.bundle.ui-testing";
		};
		8CCA99AE28CDFE0B0080E734 /* MarveliOS */ = {
			isa = PBXNativeTarget;
			buildConfigurationList = 8CCA99D328CDFE0D0080E734 /* Build configuration list for PBXNativeTarget "MarveliOS" */;
			buildPhases = (
				8CCA99AB28CDFE0B0080E734 /* Sources */,
				8CCA99AC28CDFE0B0080E734 /* Frameworks */,
				8CCA99AD28CDFE0B0080E734 /* Resources */,
			);
			buildRules = (
			);
			dependencies = (
			);
			name = MarveliOS;
			packageProductDependencies = (
				8CCA99E628CDFEF10080E734 /* OHHTTPStubs */,
				8CCA99E928CDFFBA0080E734 /* BackedCodable */,
				8CCA99EC28CDFFD40080E734 /* CachedAsyncImage */,
				8C44209128CF2D9C0089B560 /* OHHTTPStubsSwift */,
			);
			productName = MarveliOS;
			productReference = 8CCA99AF28CDFE0B0080E734 /* MarveliOS.app */;
			productType = "com.apple.product-type.application";
		};
		8CCA99BE28CDFE0D0080E734 /* MarveliOSTests */ = {
			isa = PBXNativeTarget;
			buildConfigurationList = 8CCA99D628CDFE0D0080E734 /* Build configuration list for PBXNativeTarget "MarveliOSTests" */;
			buildPhases = (
				8CCA99BB28CDFE0D0080E734 /* Sources */,
				8CCA99BC28CDFE0D0080E734 /* Frameworks */,
				8CCA99BD28CDFE0D0080E734 /* Resources */,
			);
			buildRules = (
			);
			dependencies = (
				8CCA99C128CDFE0D0080E734 /* PBXTargetDependency */,
			);
			name = MarveliOSTests;
			productName = MarveliOSTests;
			productReference = 8CCA99BF28CDFE0D0080E734 /* MarveliOSTests.xctest */;
			productType = "com.apple.product-type.bundle.unit-test";
		};
/* End PBXNativeTarget section */

/* Begin PBXProject section */
		8CCA99A728CDFE0B0080E734 /* Project object */ = {
			isa = PBXProject;
			attributes = {
				BuildIndependentTargetsInParallel = 1;
				LastSwiftUpdateCheck = 1340;
				LastUpgradeCheck = 1340;
				TargetAttributes = {
					8C20C43128D94273005B3073 = {
						CreatedOnToolsVersion = 13.4.1;
						TestTargetID = 8CCA99AE28CDFE0B0080E734;
					};
					8CCA99AE28CDFE0B0080E734 = {
						CreatedOnToolsVersion = 13.4.1;
					};
					8CCA99BE28CDFE0D0080E734 = {
						CreatedOnToolsVersion = 13.4.1;
						TestTargetID = 8CCA99AE28CDFE0B0080E734;
					};
				};
			};
			buildConfigurationList = 8CCA99AA28CDFE0B0080E734 /* Build configuration list for PBXProject "MarveliOS" */;
			compatibilityVersion = "Xcode 13.0";
			developmentRegion = en;
			hasScannedForEncodings = 0;
			knownRegions = (
				en,
				Base,
				es,
			);
			mainGroup = 8CCA99A628CDFE0B0080E734;
			packageReferences = (
				8CCA99E528CDFEF10080E734 /* XCRemoteSwiftPackageReference "OHHTTPStubs" */,
				8CCA99E828CDFFBA0080E734 /* XCRemoteSwiftPackageReference "BackedCodable" */,
				8CCA99EB28CDFFD40080E734 /* XCRemoteSwiftPackageReference "swiftui-cached-async-image" */,
				8C44209028CF2D9C0089B560 /* XCRemoteSwiftPackageReference "OHHTTPStubs" */,
				8C64B56428CF547C00676E6C /* XCRemoteSwiftPackageReference "swift-snapshot-testing" */,
			);
			productRefGroup = 8CCA99B028CDFE0B0080E734 /* Products */;
			projectDirPath = "";
			projectRoot = "";
			targets = (
				8CCA99AE28CDFE0B0080E734 /* MarveliOS */,
				8CCA99BE28CDFE0D0080E734 /* MarveliOSTests */,
				8C20C43128D94273005B3073 /* MarveliOSUITests */,
			);
		};
/* End PBXProject section */

/* Begin PBXResourcesBuildPhase section */
		8C20C43028D94273005B3073 /* Resources */ = {
			isa = PBXResourcesBuildPhase;
			buildActionMask = 2147483647;
			files = (
			);
			runOnlyForDeploymentPostprocessing = 0;
		};
		8CCA99AD28CDFE0B0080E734 /* Resources */ = {
			isa = PBXResourcesBuildPhase;
			buildActionMask = 2147483647;
			files = (
				8CCA99BA28CDFE0D0080E734 /* Preview Assets.xcassets in Resources */,
				8C1FF95B28D78548009311EF /* Localizable.strings in Resources */,
				8C44207428CE021D0089B560 /* response.json in Resources */,
				8C1FF95828D7821C009311EF /* es.xcloc in Resources */,
				8C1FF95728D7821C009311EF /* en.xcloc in Resources */,
				8CCA99B728CDFE0D0080E734 /* Assets.xcassets in Resources */,
			);
			runOnlyForDeploymentPostprocessing = 0;
		};
		8CCA99BD28CDFE0D0080E734 /* Resources */ = {
			isa = PBXResourcesBuildPhase;
			buildActionMask = 2147483647;
			files = (
			);
			runOnlyForDeploymentPostprocessing = 0;
		};
/* End PBXResourcesBuildPhase section */

/* Begin PBXSourcesBuildPhase section */
		8C20C42E28D94273005B3073 /* Sources */ = {
			isa = PBXSourcesBuildPhase;
			buildActionMask = 2147483647;
			files = (
				8C20C43528D94273005B3073 /* MarveliOSUITests.swift in Sources */,
				8C20C43728D94273005B3073 /* MarveliOSUITestsLaunchTests.swift in Sources */,
			);
			runOnlyForDeploymentPostprocessing = 0;
		};
		8CCA99AB28CDFE0B0080E734 /* Sources */ = {
			isa = PBXSourcesBuildPhase;
			buildActionMask = 2147483647;
			files = (
				8C44206F28CE021D0089B560 /* DetailView.swift in Sources */,
				8C44207A28CE021D0089B560 /* HeroResponse.swift in Sources */,
				8C44208828CE021D0089B560 /* HeroService.swift in Sources */,
				8C44208028CE021D0089B560 /* ComicHero.swift in Sources */,
				8C44208A28CE021D0089B560 /* Router.swift in Sources */,
				8C1FF96828D7CFA2009311EF /* LocalPersistance.swift in Sources */,
				8C44208528CE021D0089B560 /* Repository.swift in Sources */,
				8C44207328CE021D0089B560 /* JSONFile.swift in Sources */,
				8C44207D28CE021D0089B560 /* Hero.swift in Sources */,
				8C44208B28CE021D0089B560 /* ApiError.swift in Sources */,
				8CCA99B328CDFE0B0080E734 /* MarveliOSApp.swift in Sources */,
				8C44207728CE021D0089B560 /* LoaderModifier.swift in Sources */,
				8C44206928CE021D0089B560 /* HeroRow.swift in Sources */,
				8C64B58328CF802200676E6C /* Settings.swift in Sources */,
				8C44206A28CE021D0089B560 /* BaseViewModel.swift in Sources */,
				8C20C44228D94A65005B3073 /* Constants.swift in Sources */,
				8C44208228CE021D0089B560 /* Serie.swift in Sources */,
				8C20C42A28D91DAE005B3073 /* String+path.swift in Sources */,
				8C20C42828D91226005B3073 /* Comic.swift in Sources */,
				8C64B58128CF662400676E6C /* SettingsView.swift in Sources */,
				8C44206728CE021D0089B560 /* HeroesViewModel.swift in Sources */,
				8C44207828CE021D0089B560 /* ThemeSwitcher.swift in Sources */,
				8C44207928CE021D0089B560 /* ComicResponse.swift in Sources */,
				8C44207628CE021D0089B560 /* Toolbar.swift in Sources */,
				8C44206628CE021D0089B560 /* HeroesViewModelError.swift in Sources */,
				8C44208928CE021D0089B560 /* ServiceLayer.swift in Sources */,
				8C44207028CE021D0089B560 /* ErrorHandling.swift in Sources */,
				8C44207C28CE021D0089B560 /* Event.swift in Sources */,
				8C44207228CE021D0089B560 /* MD5.swift in Sources */,
				8C44206D28CE021D0089B560 /* DetailViewModelError.swift in Sources */,
				8C64B58628CF807600676E6C /* Option.swift in Sources */,
				8C44208428CE021D0089B560 /* ComicRepository.swift in Sources */,
				8C44208628CE021D0089B560 /* HeroesRepository.swift in Sources */,
				8C44208728CE021D0089B560 /* ComicService.swift in Sources */,
				8C44206E28CE021D0089B560 /* DetailViewModel.swift in Sources */,
				8C1FF96228D7CE46009311EF /* LanguageSettingsView.swift in Sources */,
				8C44207528CE021D0089B560 /* DependencyInjector.swift in Sources */,
				8C44206828CE021D0089B560 /* HeroesListView.swift in Sources */,
				8C1FF96D28D7DDED009311EF /* String+Localization.swift in Sources */,
			);
			runOnlyForDeploymentPostprocessing = 0;
		};
		8CCA99BB28CDFE0D0080E734 /* Sources */ = {
			isa = PBXSourcesBuildPhase;
			buildActionMask = 2147483647;
			files = (
				8C20C42D28D92A1A005B3073 /* HeroesListViewTests.swift in Sources */,
				8C44208F28CF2D610089B560 /* HeroServiceTests.swift in Sources */,
				8C20C44528D9C037005B3073 /* Strings+LocalizationsTests.swift in Sources */,
				8C64B57A28CF5E2300676E6C /* HeroRepositoryTests.swift in Sources */,
				8C20C43F28D94452005B3073 /* HeroTests.swift in Sources */,
			);
			runOnlyForDeploymentPostprocessing = 0;
		};
/* End PBXSourcesBuildPhase section */

/* Begin PBXTargetDependency section */
		8C20C43928D94273005B3073 /* PBXTargetDependency */ = {
			isa = PBXTargetDependency;
			target = 8CCA99AE28CDFE0B0080E734 /* MarveliOS */;
			targetProxy = 8C20C43828D94273005B3073 /* PBXContainerItemProxy */;
		};
		8CCA99C128CDFE0D0080E734 /* PBXTargetDependency */ = {
			isa = PBXTargetDependency;
			target = 8CCA99AE28CDFE0B0080E734 /* MarveliOS */;
			targetProxy = 8CCA99C028CDFE0D0080E734 /* PBXContainerItemProxy */;
		};
/* End PBXTargetDependency section */

/* Begin PBXVariantGroup section */
		8C1FF95D28D78548009311EF /* Localizable.strings */ = {
			isa = PBXVariantGroup;
			children = (
				8C1FF95C28D78548009311EF /* en */,
				8C1FF95E28D78549009311EF /* es */,
			);
			name = Localizable.strings;
			sourceTree = "<group>";
		};
/* End PBXVariantGroup section */

/* Begin XCBuildConfiguration section */
		8C20C43B28D94273005B3073 /* Debug */ = {
			isa = XCBuildConfiguration;
			buildSettings = {
				CODE_SIGN_STYLE = Automatic;
				CURRENT_PROJECT_VERSION = 1;
				DEVELOPMENT_TEAM = DZDXEU43WG;
				GENERATE_INFOPLIST_FILE = YES;
				MARKETING_VERSION = 1.0;
				PRODUCT_BUNDLE_IDENTIFIER = com.stellarflavor.MarveliOSUITests;
				PRODUCT_NAME = "$(TARGET_NAME)";
				SWIFT_EMIT_LOC_STRINGS = NO;
				SWIFT_VERSION = 5.0;
				TARGETED_DEVICE_FAMILY = "1,2";
				TEST_TARGET_NAME = MarveliOS;
			};
			name = Debug;
		};
		8C20C43C28D94273005B3073 /* Release */ = {
			isa = XCBuildConfiguration;
			buildSettings = {
				CODE_SIGN_STYLE = Automatic;
				CURRENT_PROJECT_VERSION = 1;
				DEVELOPMENT_TEAM = DZDXEU43WG;
				GENERATE_INFOPLIST_FILE = YES;
				MARKETING_VERSION = 1.0;
				PRODUCT_BUNDLE_IDENTIFIER = com.stellarflavor.MarveliOSUITests;
				PRODUCT_NAME = "$(TARGET_NAME)";
				SWIFT_EMIT_LOC_STRINGS = NO;
				SWIFT_VERSION = 5.0;
				TARGETED_DEVICE_FAMILY = "1,2";
				TEST_TARGET_NAME = MarveliOS;
			};
			name = Release;
		};
		8CCA99D128CDFE0D0080E734 /* Debug */ = {
			isa = XCBuildConfiguration;
			buildSettings = {
				ALWAYS_SEARCH_USER_PATHS = NO;
				CLANG_ANALYZER_NONNULL = YES;
				CLANG_ANALYZER_NUMBER_OBJECT_CONVERSION = YES_AGGRESSIVE;
				CLANG_CXX_LANGUAGE_STANDARD = "gnu++17";
				CLANG_ENABLE_MODULES = YES;
				CLANG_ENABLE_OBJC_ARC = YES;
				CLANG_ENABLE_OBJC_WEAK = YES;
				CLANG_WARN_BLOCK_CAPTURE_AUTORELEASING = YES;
				CLANG_WARN_BOOL_CONVERSION = YES;
				CLANG_WARN_COMMA = YES;
				CLANG_WARN_CONSTANT_CONVERSION = YES;
				CLANG_WARN_DEPRECATED_OBJC_IMPLEMENTATIONS = YES;
				CLANG_WARN_DIRECT_OBJC_ISA_USAGE = YES_ERROR;
				CLANG_WARN_DOCUMENTATION_COMMENTS = YES;
				CLANG_WARN_EMPTY_BODY = YES;
				CLANG_WARN_ENUM_CONVERSION = YES;
				CLANG_WARN_INFINITE_RECURSION = YES;
				CLANG_WARN_INT_CONVERSION = YES;
				CLANG_WARN_NON_LITERAL_NULL_CONVERSION = YES;
				CLANG_WARN_OBJC_IMPLICIT_RETAIN_SELF = YES;
				CLANG_WARN_OBJC_LITERAL_CONVERSION = YES;
				CLANG_WARN_OBJC_ROOT_CLASS = YES_ERROR;
				CLANG_WARN_QUOTED_INCLUDE_IN_FRAMEWORK_HEADER = YES;
				CLANG_WARN_RANGE_LOOP_ANALYSIS = YES;
				CLANG_WARN_STRICT_PROTOTYPES = YES;
				CLANG_WARN_SUSPICIOUS_MOVE = YES;
				CLANG_WARN_UNGUARDED_AVAILABILITY = YES_AGGRESSIVE;
				CLANG_WARN_UNREACHABLE_CODE = YES;
				CLANG_WARN__DUPLICATE_METHOD_MATCH = YES;
				COPY_PHASE_STRIP = NO;
				DEBUG_INFORMATION_FORMAT = dwarf;
				ENABLE_STRICT_OBJC_MSGSEND = YES;
				ENABLE_TESTABILITY = YES;
				GCC_C_LANGUAGE_STANDARD = gnu11;
				GCC_DYNAMIC_NO_PIC = NO;
				GCC_NO_COMMON_BLOCKS = YES;
				GCC_OPTIMIZATION_LEVEL = 0;
				GCC_PREPROCESSOR_DEFINITIONS = (
					"DEBUG=1",
					"$(inherited)",
				);
				GCC_WARN_64_TO_32_BIT_CONVERSION = YES;
				GCC_WARN_ABOUT_RETURN_TYPE = YES_ERROR;
				GCC_WARN_UNDECLARED_SELECTOR = YES;
				GCC_WARN_UNINITIALIZED_AUTOS = YES_AGGRESSIVE;
				GCC_WARN_UNUSED_FUNCTION = YES;
				GCC_WARN_UNUSED_VARIABLE = YES;
				IPHONEOS_DEPLOYMENT_TARGET = 15.5;
				MTL_ENABLE_DEBUG_INFO = INCLUDE_SOURCE;
				MTL_FAST_MATH = YES;
				ONLY_ACTIVE_ARCH = YES;
				SDKROOT = iphoneos;
				SWIFT_ACTIVE_COMPILATION_CONDITIONS = DEBUG;
				SWIFT_OPTIMIZATION_LEVEL = "-Onone";
			};
			name = Debug;
		};
		8CCA99D228CDFE0D0080E734 /* Release */ = {
			isa = XCBuildConfiguration;
			buildSettings = {
				ALWAYS_SEARCH_USER_PATHS = NO;
				CLANG_ANALYZER_NONNULL = YES;
				CLANG_ANALYZER_NUMBER_OBJECT_CONVERSION = YES_AGGRESSIVE;
				CLANG_CXX_LANGUAGE_STANDARD = "gnu++17";
				CLANG_ENABLE_MODULES = YES;
				CLANG_ENABLE_OBJC_ARC = YES;
				CLANG_ENABLE_OBJC_WEAK = YES;
				CLANG_WARN_BLOCK_CAPTURE_AUTORELEASING = YES;
				CLANG_WARN_BOOL_CONVERSION = YES;
				CLANG_WARN_COMMA = YES;
				CLANG_WARN_CONSTANT_CONVERSION = YES;
				CLANG_WARN_DEPRECATED_OBJC_IMPLEMENTATIONS = YES;
				CLANG_WARN_DIRECT_OBJC_ISA_USAGE = YES_ERROR;
				CLANG_WARN_DOCUMENTATION_COMMENTS = YES;
				CLANG_WARN_EMPTY_BODY = YES;
				CLANG_WARN_ENUM_CONVERSION = YES;
				CLANG_WARN_INFINITE_RECURSION = YES;
				CLANG_WARN_INT_CONVERSION = YES;
				CLANG_WARN_NON_LITERAL_NULL_CONVERSION = YES;
				CLANG_WARN_OBJC_IMPLICIT_RETAIN_SELF = YES;
				CLANG_WARN_OBJC_LITERAL_CONVERSION = YES;
				CLANG_WARN_OBJC_ROOT_CLASS = YES_ERROR;
				CLANG_WARN_QUOTED_INCLUDE_IN_FRAMEWORK_HEADER = YES;
				CLANG_WARN_RANGE_LOOP_ANALYSIS = YES;
				CLANG_WARN_STRICT_PROTOTYPES = YES;
				CLANG_WARN_SUSPICIOUS_MOVE = YES;
				CLANG_WARN_UNGUARDED_AVAILABILITY = YES_AGGRESSIVE;
				CLANG_WARN_UNREACHABLE_CODE = YES;
				CLANG_WARN__DUPLICATE_METHOD_MATCH = YES;
				COPY_PHASE_STRIP = NO;
				DEBUG_INFORMATION_FORMAT = "dwarf-with-dsym";
				ENABLE_NS_ASSERTIONS = NO;
				ENABLE_STRICT_OBJC_MSGSEND = YES;
				GCC_C_LANGUAGE_STANDARD = gnu11;
				GCC_NO_COMMON_BLOCKS = YES;
				GCC_WARN_64_TO_32_BIT_CONVERSION = YES;
				GCC_WARN_ABOUT_RETURN_TYPE = YES_ERROR;
				GCC_WARN_UNDECLARED_SELECTOR = YES;
				GCC_WARN_UNINITIALIZED_AUTOS = YES_AGGRESSIVE;
				GCC_WARN_UNUSED_FUNCTION = YES;
				GCC_WARN_UNUSED_VARIABLE = YES;
				IPHONEOS_DEPLOYMENT_TARGET = 15.5;
				MTL_ENABLE_DEBUG_INFO = NO;
				MTL_FAST_MATH = YES;
				SDKROOT = iphoneos;
				SWIFT_COMPILATION_MODE = wholemodule;
				SWIFT_OPTIMIZATION_LEVEL = "-O";
				VALIDATE_PRODUCT = YES;
			};
			name = Release;
		};
		8CCA99D428CDFE0D0080E734 /* Debug */ = {
			isa = XCBuildConfiguration;
			buildSettings = {
				ASSETCATALOG_COMPILER_APPICON_NAME = AppIcon;
				ASSETCATALOG_COMPILER_GLOBAL_ACCENT_COLOR_NAME = AccentColor;
				CODE_SIGN_STYLE = Automatic;
				CURRENT_PROJECT_VERSION = 1;
				DEVELOPMENT_ASSET_PATHS = "\"MarveliOS/Preview Content\"";
				DEVELOPMENT_TEAM = DZDXEU43WG;
				ENABLE_PREVIEWS = YES;
				GENERATE_INFOPLIST_FILE = YES;
				INFOPLIST_FILE = MarveliOS/Info.plist;
				INFOPLIST_KEY_UIApplicationSceneManifest_Generation = YES;
				INFOPLIST_KEY_UIApplicationSupportsIndirectInputEvents = YES;
				INFOPLIST_KEY_UILaunchScreen_Generation = YES;
				INFOPLIST_KEY_UISupportedInterfaceOrientations_iPad = "UIInterfaceOrientationPortrait UIInterfaceOrientationPortraitUpsideDown UIInterfaceOrientationLandscapeLeft UIInterfaceOrientationLandscapeRight";
				INFOPLIST_KEY_UISupportedInterfaceOrientations_iPhone = "UIInterfaceOrientationPortrait UIInterfaceOrientationLandscapeLeft UIInterfaceOrientationLandscapeRight";
				LD_RUNPATH_SEARCH_PATHS = (
					"$(inherited)",
					"@executable_path/Frameworks",
				);
				MARKETING_VERSION = 1.0;
				PRODUCT_BUNDLE_IDENTIFIER = com.stellarflavor.MarveliOS;
				PRODUCT_NAME = "$(TARGET_NAME)";
				SWIFT_EMIT_LOC_STRINGS = YES;
				SWIFT_VERSION = 5.0;
				TARGETED_DEVICE_FAMILY = "1,2";
			};
			name = Debug;
		};
		8CCA99D528CDFE0D0080E734 /* Release */ = {
			isa = XCBuildConfiguration;
			buildSettings = {
				ASSETCATALOG_COMPILER_APPICON_NAME = AppIcon;
				ASSETCATALOG_COMPILER_GLOBAL_ACCENT_COLOR_NAME = AccentColor;
				CODE_SIGN_STYLE = Automatic;
				CURRENT_PROJECT_VERSION = 1;
				DEVELOPMENT_ASSET_PATHS = "\"MarveliOS/Preview Content\"";
				DEVELOPMENT_TEAM = DZDXEU43WG;
				ENABLE_PREVIEWS = YES;
				GENERATE_INFOPLIST_FILE = YES;
				INFOPLIST_FILE = MarveliOS/Info.plist;
				INFOPLIST_KEY_UIApplicationSceneManifest_Generation = YES;
				INFOPLIST_KEY_UIApplicationSupportsIndirectInputEvents = YES;
				INFOPLIST_KEY_UILaunchScreen_Generation = YES;
				INFOPLIST_KEY_UISupportedInterfaceOrientations_iPad = "UIInterfaceOrientationPortrait UIInterfaceOrientationPortraitUpsideDown UIInterfaceOrientationLandscapeLeft UIInterfaceOrientationLandscapeRight";
				INFOPLIST_KEY_UISupportedInterfaceOrientations_iPhone = "UIInterfaceOrientationPortrait UIInterfaceOrientationLandscapeLeft UIInterfaceOrientationLandscapeRight";
				LD_RUNPATH_SEARCH_PATHS = (
					"$(inherited)",
					"@executable_path/Frameworks",
				);
				MARKETING_VERSION = 1.0;
				PRODUCT_BUNDLE_IDENTIFIER = com.stellarflavor.MarveliOS;
				PRODUCT_NAME = "$(TARGET_NAME)";
				SWIFT_EMIT_LOC_STRINGS = YES;
				SWIFT_VERSION = 5.0;
				TARGETED_DEVICE_FAMILY = "1,2";
			};
			name = Release;
		};
		8CCA99D728CDFE0D0080E734 /* Debug */ = {
			isa = XCBuildConfiguration;
			buildSettings = {
				ALWAYS_EMBED_SWIFT_STANDARD_LIBRARIES = YES;
				BUNDLE_LOADER = "$(TEST_HOST)";
				CODE_SIGN_STYLE = Automatic;
				CURRENT_PROJECT_VERSION = 1;
				DEVELOPMENT_TEAM = DZDXEU43WG;
				GENERATE_INFOPLIST_FILE = YES;
				IPHONEOS_DEPLOYMENT_TARGET = 15.5;
				MARKETING_VERSION = 1.0;
				PRODUCT_BUNDLE_IDENTIFIER = com.stellarflavor.MarveliOSTests;
				PRODUCT_NAME = "$(TARGET_NAME)";
				SWIFT_EMIT_LOC_STRINGS = NO;
				SWIFT_VERSION = 5.0;
				TARGETED_DEVICE_FAMILY = "1,2";
				TEST_HOST = "$(BUILT_PRODUCTS_DIR)/MarveliOS.app/MarveliOS";
			};
			name = Debug;
		};
		8CCA99D828CDFE0D0080E734 /* Release */ = {
			isa = XCBuildConfiguration;
			buildSettings = {
				ALWAYS_EMBED_SWIFT_STANDARD_LIBRARIES = YES;
				BUNDLE_LOADER = "$(TEST_HOST)";
				CODE_SIGN_STYLE = Automatic;
				CURRENT_PROJECT_VERSION = 1;
				DEVELOPMENT_TEAM = DZDXEU43WG;
				GENERATE_INFOPLIST_FILE = YES;
				IPHONEOS_DEPLOYMENT_TARGET = 15.5;
				MARKETING_VERSION = 1.0;
				PRODUCT_BUNDLE_IDENTIFIER = com.stellarflavor.MarveliOSTests;
				PRODUCT_NAME = "$(TARGET_NAME)";
				SWIFT_EMIT_LOC_STRINGS = NO;
				SWIFT_VERSION = 5.0;
				TARGETED_DEVICE_FAMILY = "1,2";
				TEST_HOST = "$(BUILT_PRODUCTS_DIR)/MarveliOS.app/MarveliOS";
			};
			name = Release;
		};
/* End XCBuildConfiguration section */

/* Begin XCConfigurationList section */
		8C20C43A28D94273005B3073 /* Build configuration list for PBXNativeTarget "MarveliOSUITests" */ = {
			isa = XCConfigurationList;
			buildConfigurations = (
				8C20C43B28D94273005B3073 /* Debug */,
				8C20C43C28D94273005B3073 /* Release */,
			);
			defaultConfigurationIsVisible = 0;
			defaultConfigurationName = Release;
		};
		8CCA99AA28CDFE0B0080E734 /* Build configuration list for PBXProject "MarveliOS" */ = {
			isa = XCConfigurationList;
			buildConfigurations = (
				8CCA99D128CDFE0D0080E734 /* Debug */,
				8CCA99D228CDFE0D0080E734 /* Release */,
			);
			defaultConfigurationIsVisible = 0;
			defaultConfigurationName = Release;
		};
		8CCA99D328CDFE0D0080E734 /* Build configuration list for PBXNativeTarget "MarveliOS" */ = {
			isa = XCConfigurationList;
			buildConfigurations = (
				8CCA99D428CDFE0D0080E734 /* Debug */,
				8CCA99D528CDFE0D0080E734 /* Release */,
			);
			defaultConfigurationIsVisible = 0;
			defaultConfigurationName = Release;
		};
		8CCA99D628CDFE0D0080E734 /* Build configuration list for PBXNativeTarget "MarveliOSTests" */ = {
			isa = XCConfigurationList;
			buildConfigurations = (
				8CCA99D728CDFE0D0080E734 /* Debug */,
				8CCA99D828CDFE0D0080E734 /* Release */,
			);
			defaultConfigurationIsVisible = 0;
			defaultConfigurationName = Release;
		};
/* End XCConfigurationList section */

/* Begin XCRemoteSwiftPackageReference section */
		8C44209028CF2D9C0089B560 /* XCRemoteSwiftPackageReference "OHHTTPStubs" */ = {
			isa = XCRemoteSwiftPackageReference;
			repositoryURL = "https://github.com/AliSoftware/OHHTTPStubs";
			requirement = {
				kind = upToNextMajorVersion;
				minimumVersion = 9.0.0;
			};
		};
		8C64B56428CF547C00676E6C /* XCRemoteSwiftPackageReference "swift-snapshot-testing" */ = {
			isa = XCRemoteSwiftPackageReference;
			repositoryURL = "https://github.com/pointfreeco/swift-snapshot-testing";
			requirement = {
				kind = upToNextMajorVersion;
				minimumVersion = 1.0.0;
			};
		};
		8CCA99E528CDFEF10080E734 /* XCRemoteSwiftPackageReference "OHHTTPStubs" */ = {
			isa = XCRemoteSwiftPackageReference;
			repositoryURL = "https://github.com/AliSoftware/OHHTTPStubs";
			requirement = {
				kind = upToNextMajorVersion;
				minimumVersion = 9.0.0;
			};
		};
		8CCA99E828CDFFBA0080E734 /* XCRemoteSwiftPackageReference "BackedCodable" */ = {
			isa = XCRemoteSwiftPackageReference;
			repositoryURL = "https://github.com/jegnux/BackedCodable";
			requirement = {
				kind = upToNextMajorVersion;
				minimumVersion = 0.1.1;
			};
		};
		8CCA99EB28CDFFD40080E734 /* XCRemoteSwiftPackageReference "swiftui-cached-async-image" */ = {
			isa = XCRemoteSwiftPackageReference;
			repositoryURL = "https://github.com/lorenzofiamingo/swiftui-cached-async-image";
			requirement = {
				kind = upToNextMajorVersion;
				minimumVersion = 2.0.0;
			};
		};
/* End XCRemoteSwiftPackageReference section */

/* Begin XCSwiftPackageProductDependency section */
		8C44209128CF2D9C0089B560 /* OHHTTPStubsSwift */ = {
			isa = XCSwiftPackageProductDependency;
			package = 8CCA99E528CDFEF10080E734 /* XCRemoteSwiftPackageReference "OHHTTPStubs" */;
			productName = OHHTTPStubsSwift;
		};
		8CCA99E628CDFEF10080E734 /* OHHTTPStubs */ = {
			isa = XCSwiftPackageProductDependency;
			package = 8CCA99E528CDFEF10080E734 /* XCRemoteSwiftPackageReference "OHHTTPStubs" */;
			productName = OHHTTPStubs;
		};
		8CCA99E928CDFFBA0080E734 /* BackedCodable */ = {
			isa = XCSwiftPackageProductDependency;
			package = 8CCA99E828CDFFBA0080E734 /* XCRemoteSwiftPackageReference "BackedCodable" */;
			productName = BackedCodable;
		};
		8CCA99EC28CDFFD40080E734 /* CachedAsyncImage */ = {
			isa = XCSwiftPackageProductDependency;
			package = 8CCA99EB28CDFFD40080E734 /* XCRemoteSwiftPackageReference "swiftui-cached-async-image" */;
			productName = CachedAsyncImage;
		};
/* End XCSwiftPackageProductDependency section */
	};
	rootObject = 8CCA99A728CDFE0B0080E734 /* Project object */;
}
